
Microsoft Visual Studio Solution File, Format Version 12.00
# Visual Studio Version 17
VisualStudioVersion = 17.13.35818.85 d17.13
MinimumVisualStudioVersion = 10.0.40219.1
Project("{FAE04EC0-301F-11D3-BF4B-00C04F79EFBC}") = "IdeaTask7", "IdeaTask7\IdeaTask7.csproj", "{20F95D82-3A20-49AE-AFA4-81C7D23C5993}"
EndProject
Project("{FAE04EC0-301F-11D3-BF4B-00C04F79EFBC}") = "Task7Tests", "Task7Tests\Task7Tests.csproj", "{4F7926AC-164B-4416-AC69-A2FC543A5794}"
EndProject
Global
	GlobalSection(SolutionConfigurationPlatforms) = preSolution
		Debug|Any CPU = Debug|Any CPU
		Release|Any CPU = Release|Any CPU
	EndGlobalSection
	GlobalSection(ProjectConfigurationPlatforms) = postSolution
		{20F95D82-3A20-49AE-AFA4-81C7D23C5993}.Debug|Any CPU.ActiveCfg = Debug|Any CPU
		{20F95D82-3A20-49AE-AFA4-81C7D23C5993}.Debug|Any CPU.Build.0 = Debug|Any CPU
		{20F95D82-3A20-49AE-AFA4-81C7D23C5993}.Release|Any CPU.ActiveCfg = Release|Any CPU
		{20F95D82-3A20-49AE-AFA4-81C7D23C5993}.Release|Any CPU.Build.0 = Release|Any CPU
		{4F7926AC-164B-4416-AC69-A2FC543A5794}.Debug|Any CPU.ActiveCfg = Debug|Any CPU
		{4F7926AC-164B-4416-AC69-A2FC543A5794}.Debug|Any CPU.Build.0 = Debug|Any CPU
		{4F7926AC-164B-4416-AC69-A2FC543A5794}.Release|Any CPU.ActiveCfg = Release|Any CPU
		{4F7926AC-164B-4416-AC69-A2FC543A5794}.Release|Any CPU.Build.0 = Release|Any CPU
	EndGlobalSection
	GlobalSection(SolutionProperties) = preSolution
		HideSolutionNode = FALSE
	EndGlobalSection
	GlobalSection(ExtensibilityGlobals) = postSolution
		SolutionGuid = {FB190D70-E834-498A-B98B-9122C14941A1}
	EndGlobalSection
EndGlobal
